# THIS IS AN AUTOGENERATED FILE. DO NOT EDIT THIS FILE DIRECTLY.
# yarn lockfile v1


"@abp/aspnetcore.mvc.ui.theme.shared@~9.2.3":
  version "9.2.3"
  resolved "https://registry.yarnpkg.com/@abp/aspnetcore.mvc.ui.theme.shared/-/aspnetcore.mvc.ui.theme.shared-9.2.3.tgz#f0a3b1a55029e5ed447d67524f9cf1d08c9afa48"
  integrity sha512-/7IbRieAuAmWVZ5e1dTdN+f6IKIQRfwN/FbrA2VWEnlJsAxUqgc65nssB1WJtenhNfAKVB6duUwlFPvrm53ZFA==
  dependencies:
    "@abp/aspnetcore.mvc.ui" "~9.2.3"
    "@abp/bootstrap" "~9.2.3"
    "@abp/bootstrap-datepicker" "~9.2.3"
    "@abp/bootstrap-daterangepicker" "~9.2.3"
    "@abp/datatables.net-bs5" "~9.2.3"
    "@abp/font-awesome" "~9.2.3"
    "@abp/jquery-form" "~9.2.3"
    "@abp/jquery-validation-unobtrusive" "~9.2.3"
    "@abp/lodash" "~9.2.3"
    "@abp/luxon" "~9.2.3"
    "@abp/malihu-custom-scrollbar-plugin" "~9.2.3"
    "@abp/moment" "~9.2.3"
    "@abp/select2" "~9.2.3"
    "@abp/sweetalert2" "~9.2.3"
    "@abp/timeago" "~9.2.3"

"@abp/aspnetcore.mvc.ui@~9.2.3":
  version "9.2.3"
  resolved "https://registry.yarnpkg.com/@abp/aspnetcore.mvc.ui/-/aspnetcore.mvc.ui-9.2.3.tgz#d30b5a315bc8e6ee50269781942c5c8cdcd464ba"
  integrity sha512-U5Ucwf4ShIcYUthNAqfhnzcmbFqRXAAAYU1QxiV7Fqw/Rw3lrNyluAnUjIQzzeNbV9q3g9r+NDETUfUX+uw8SA==
  dependencies:
    ansi-colors "^4.1.3"

"@abp/bootstrap-datepicker@~9.2.3":
  version "9.2.3"
  resolved "https://registry.yarnpkg.com/@abp/bootstrap-datepicker/-/bootstrap-datepicker-9.2.3.tgz#56a883c090174ca56c707ea55ad7292f13497ae7"
  integrity sha512-G7sVrCkFAEtUKCUA7XQnI7Qy7QP49V7HmfIc9pVVgGOHkj6VAOBHxNPawlx4WVs2NUdjB79Q/mx4E3JOCVC/Rg==
  dependencies:
    bootstrap-datepicker "^1.10.0"

"@abp/bootstrap-daterangepicker@~9.2.3":
  version "9.2.3"
  resolved "https://registry.yarnpkg.com/@abp/bootstrap-daterangepicker/-/bootstrap-daterangepicker-9.2.3.tgz#e4835ebfa34428cf3c96bb962dc3123b563f6fdc"
  integrity sha512-dWfTXgNUVFgy2Rj2ooIAD8doRpkTpSNdor9/3/nL6O6a4BKn/gPrJPGVxsOsURPj4Gx5IgSObkZTkDzCN2kSdA==
  dependencies:
    bootstrap-daterangepicker "^3.1.0"

"@abp/bootstrap@~9.2.3":
  version "9.2.3"
  resolved "https://registry.yarnpkg.com/@abp/bootstrap/-/bootstrap-9.2.3.tgz#c1a72e5ef229eb9c44b2b7c0f6b6b8c85d1a7b5b"
  integrity sha512-69GsSj7qhXHmcTXfIXy9rU1t/6NBu/qqNvCGUR8PwArrk72bnVKwYVumrcsYQshjyqXIse5rpnFo67ICO0OFAg==
  dependencies:
    "@abp/core" "~9.2.3"
    bootstrap "^5.3.3"

"@abp/core@~9.2.3":
  version "9.2.3"
  resolved "https://registry.yarnpkg.com/@abp/core/-/core-9.2.3.tgz#646aef4f238f6db53f92de538441c0682a7f59ca"
  integrity sha512-j4rsJK1ZCTjSfo+aDcUrZK6kXIeqXIqN7AtPjUI+UIHyxe7ZfIrvSUfB6ddVy0iWlO7PmFXbT2jfC7jETCucrw==
  dependencies:
    "@abp/utils" "~9.2.3"

"@abp/cropperjs@~9.2.3":
  version "9.2.3"
  resolved "https://registry.yarnpkg.com/@abp/cropperjs/-/cropperjs-9.2.3.tgz#17a0825defd1afdfef0f2d06b70aca20d689d94f"
  integrity sha512-CZOgWRoFTeWm/ynCnHkoKqHaGJdC4GyeSbR38u14Qge3Ikr6KLQ+nqWIFSNQHNVKWusNYZu1Q6REN9GMJoHFJg==
  dependencies:
    "@abp/core" "~9.2.3"
    cropperjs "^1.6.2"

"@abp/datatables.net-bs5@~9.2.3":
  version "9.2.3"
  resolved "https://registry.yarnpkg.com/@abp/datatables.net-bs5/-/datatables.net-bs5-9.2.3.tgz#c112991aea10bd9dcd6f957c2a8434f1bbb6b731"
  integrity sha512-bCPxyz+URvm+2dyBQZ0MRDPe34sLhNwli3h1Oaculbt4+BLud/X5uQ7ELTqaoR7jgFt2CU/LcTBOplwlTqczvg==
  dependencies:
    "@abp/datatables.net" "~9.2.3"
    datatables.net-bs5 "^2.1.8"

"@abp/datatables.net@~9.2.3":
  version "9.2.3"
  resolved "https://registry.yarnpkg.com/@abp/datatables.net/-/datatables.net-9.2.3.tgz#0ce367d2d652c06371755775f6039de95b908fc4"
  integrity sha512-a33TWDLqYELl2f/XHMRO6pyw4BUHPC4Q9DlsCVSSc3KHTGiRFe5NNy0zBFhcQiF1AxL20SqgfyYU8G9ir6Lhig==
  dependencies:
    "@abp/jquery" "~9.2.3"
    datatables.net "^2.1.8"

"@abp/font-awesome@~9.2.3":
  version "9.2.3"
  resolved "https://registry.yarnpkg.com/@abp/font-awesome/-/font-awesome-9.2.3.tgz#056e0e8da6d0b0775ecc210b8e9d47c84188a76a"
  integrity sha512-9kzgfxXFIzPl9H+S5oNdbzVV60u7HgINcXvccEVx/LaGQ0JIJUzXv57aAEf0q6qWTXXfTJ4C3R6WRQRV56YyXQ==
  dependencies:
    "@abp/core" "~9.2.3"
    "@fortawesome/fontawesome-free" "^6.6.0"

"@abp/jquery-form@~9.2.3":
  version "9.2.3"
  resolved "https://registry.yarnpkg.com/@abp/jquery-form/-/jquery-form-9.2.3.tgz#62e762052ff523321d6e02036f4bb148dd9d03a3"
  integrity sha512-veSRezZ3++KtvZNI4yAe2LmOhBoMNjpy4pZqZC08lWojgcjta8TNFIRWiGH4F5rHfDk8IUwkq8lYY8stl4oFgw==
  dependencies:
    "@abp/jquery" "~9.2.3"
    jquery-form "^4.3.0"

"@abp/jquery-validation-unobtrusive@~9.2.3":
  version "9.2.3"
  resolved "https://registry.yarnpkg.com/@abp/jquery-validation-unobtrusive/-/jquery-validation-unobtrusive-9.2.3.tgz#d28b838a732b5673a5cc5c3a2909d967e43ef2fc"
  integrity sha512-sWeiozSCM3AH756hX2mi3LoYDzgNVbuiSMP3q71EuL2jI+OuH/dT9A/w9pOi29vE+Vq5lB/QGYfmCo7TO/SJZg==
  dependencies:
    "@abp/jquery-validation" "~9.2.3"
    jquery-validation-unobtrusive "^4.0.0"

"@abp/jquery-validation@~9.2.3":
  version "9.2.3"
  resolved "https://registry.yarnpkg.com/@abp/jquery-validation/-/jquery-validation-9.2.3.tgz#d0bd541e31db4db11eff341f088e276e67d7011a"
  integrity sha512-5XpIxJjdCALHTJmGZjyOjAk23WginIDYgJvFpkFaGtRBcjz07t9+tD4KGVJYYbaI2ulsKVBm9870uO8qH5Ufkw==
  dependencies:
    "@abp/jquery" "~9.2.3"
    jquery-validation "^1.21.0"

"@abp/jquery@~9.2.3":
  version "9.2.3"
  resolved "https://registry.yarnpkg.com/@abp/jquery/-/jquery-9.2.3.tgz#1b845eb0420e879f00fc3c4b8697ae313c582b40"
  integrity sha512-F518ynGV8nSuVXjy4HyQTGp2loW7qmSjMlAYMxyDyEoaRAHa2oiVzqHgchXVxNvJ+hvRvWkCHey2KQ+a5pKsNQ==
  dependencies:
    "@abp/core" "~9.2.3"
    jquery "~3.7.1"

"@abp/lodash@~9.2.3":
  version "9.2.3"
  resolved "https://registry.yarnpkg.com/@abp/lodash/-/lodash-9.2.3.tgz#4ca2db12af2142b3505910f8bb8fefaad1a8c2b6"
  integrity sha512-gRNAo2VG6ntnORGqHOR2C4JjXLRKN4N9zytbTUjN64VM2bADmSZNXVGNjpZxqqFU/xyL76S4+R1mdrJxw7adLg==
  dependencies:
    "@abp/core" "~9.2.3"
    lodash "^4.17.21"

"@abp/luxon@~9.2.3":
  version "9.2.3"
  resolved "https://registry.yarnpkg.com/@abp/luxon/-/luxon-9.2.3.tgz#526772f4c431a3c93ee3737864ea598d46554c2f"
  integrity sha512-IQUENef8ca2Pj0hxk7oB9t0tqcjgwW9GPYgg7s87/vdlRJdKM3jbHC8q5vZzr22pvTlxnO0eW9pxh4kEwHYmpg==
  dependencies:
    "@abp/core" "~9.2.3"
    luxon "^3.5.0"

"@abp/malihu-custom-scrollbar-plugin@~9.2.3":
  version "9.2.3"
  resolved "https://registry.yarnpkg.com/@abp/malihu-custom-scrollbar-plugin/-/malihu-custom-scrollbar-plugin-9.2.3.tgz#3ba746408a131ee450d6ee766bc22bf747da7af6"
  integrity sha512-swlhpQeyA1OJpuHVMCZ5Ab5UIY+Q12MrJU3ZBhHKee9h/sgempoe6o7nTkpXaL0P3MOw9DmFsv11xyM/RP5pmQ==
  dependencies:
    "@abp/core" "~9.2.3"
    malihu-custom-scrollbar-plugin "^3.1.5"

"@abp/moment@~9.2.3":
  version "9.2.3"
  resolved "https://registry.yarnpkg.com/@abp/moment/-/moment-9.2.3.tgz#663d047d20575ce65c3adbb98b46b7cf9f76e007"
  integrity sha512-ZBIj+vnTPgb6Nd/iXgfWmdI15PParY/Pn3BZCZljSsLfe1kgo3YeTWqUGAcf0eh8qC4ayFf4fJXHrILh63onvw==
  dependencies:
    moment "^2.30.1"

"@abp/qrcode@~9.2.3":
  version "9.2.3"
  resolved "https://registry.yarnpkg.com/@abp/qrcode/-/qrcode-9.2.3.tgz#14645267aedef22f24ef6365a12045d187a8e4a0"
  integrity sha512-5f9NmC4K3riR+RKJgE/Hs/z5Spp9zSYwlGYpCJEqBU5JqZVJohsovm59+PTeehClegh8RpFvscBYa44uslpkmw==
  dependencies:
    "@abp/core" "~9.2.3"

"@abp/select2@~9.2.3":
  version "9.2.3"
  resolved "https://registry.yarnpkg.com/@abp/select2/-/select2-9.2.3.tgz#9c30e3e02468d78173d6b0da3fa0356a5a7420fa"
  integrity sha512-ExsrAUfqceXfeuST6yZ7Y5fzZMs7psKQXox29UPXr2Z/hWQo+MmdgGaR8y/qvzFzCSlXv+FV4T4X+nPLD4pHxw==
  dependencies:
    "@abp/core" "~9.2.3"
    select2 "^4.0.13"

"@abp/sweetalert2@~9.2.3":
  version "9.2.3"
  resolved "https://registry.yarnpkg.com/@abp/sweetalert2/-/sweetalert2-9.2.3.tgz#8ea17876a330fd60d1c7bef1af4a40e7143b24cb"
  integrity sha512-Bb8v/E1tcEs0XgvX0o/e86svQ0jHQpI4WH/NL29eLQD4I6c04Nr8RSYxIpVutJBCNTNknt7JwxuPyqnbzOLLsQ==
  dependencies:
    "@abp/core" "~9.2.3"
    sweetalert2 "^11.14.1"

"@abp/timeago@~9.2.3":
  version "9.2.3"
  resolved "https://registry.yarnpkg.com/@abp/timeago/-/timeago-9.2.3.tgz#e1dc7ec0c2b6884a5b11ed9b7d8e7f08b367678d"
  integrity sha512-nnTyboDpJtsDnSeB8tdmhHF5lHBjWA8Gc9TrrltlRxaHus981zBB3+BcsgV7KqthNO7gODBnT4NfUX3R4w/HAQ==
  dependencies:
    "@abp/jquery" "~9.2.3"
    timeago "^1.6.7"

"@abp/uppy@~9.2.3":
  version "9.2.3"
  resolved "https://registry.yarnpkg.com/@abp/uppy/-/uppy-9.2.3.tgz#e6c58ad2f6a6658d32c4af007f121e44f9452b70"
  integrity sha512-oTk/pvuwNKOciYe/L9hyoXDPFThdn5uq0r86OJdc/dJKCkrgffCRQ3aNsg1Qz+uLouTLsJNk4LWu4qiGM+wweg==
  dependencies:
    "@abp/core" "~9.2.3"
    uppy "^4.4.1"

"@abp/utils@~9.2.3":
  version "9.2.3"
  resolved "https://registry.yarnpkg.com/@abp/utils/-/utils-9.2.3.tgz#cc243fcaa7c0f15735f3f01d91fa1170f63e157e"
  integrity sha512-W14tJNRREeI2xFC2WloEChUseSBkkiJENyB2T6nYUB/pqZ4e3vqOTNzxnQtqol777c10eMIxlmxi5r/8Cp08vw==
  dependencies:
    just-compare "^2.3.0"

"@abp/zxcvbn@~9.2.3":
  version "9.2.3"
  resolved "https://registry.yarnpkg.com/@abp/zxcvbn/-/zxcvbn-9.2.3.tgz#f87accb1009a20e4a99983b6f77ceb8499eb5cd0"
  integrity sha512-k5tfQA9MI8nty7pKuiAfoKwL0pCWMcyWQ9mQh2PKIuxl4h5P7IYZjBXf7e+Fik4yZJoIiicycC5FnyoeWw61+Q==
  dependencies:
    "@abp/core" "~9.2.3"
    zxcvbn "^4.4.2"

"@fortawesome/fontawesome-free@^6.6.0":
  version "6.7.2"
  resolved "https://registry.yarnpkg.com/@fortawesome/fontawesome-free/-/fontawesome-free-6.7.2.tgz#8249de9b7e22fcb3ceb5e66090c30a1d5492b81a"
  integrity sha512-JUOtgFW6k9u4Y+xeIaEiLr3+cjoUPiAuLXoyKOJSia6Duzb7pq+A76P9ZdPDoAoxHdHzq6gE9/jKBGXlZT8FbA==

"@transloadit/prettier-bytes@^0.3.4":
  version "0.3.5"
  resolved "https://registry.yarnpkg.com/@transloadit/prettier-bytes/-/prettier-bytes-0.3.5.tgz#0cca83975293e3f4990229914942c69714122ede"
  integrity sha512-xF4A3d/ZyX2LJWeQZREZQw+qFX4TGQ8bGVP97OLRt6sPO6T0TNHBFTuRHOJh7RNmYOBmQ9MHxpolD9bXihpuVA==

"@types/retry@0.12.2":
  version "0.12.2"
  resolved "https://registry.yarnpkg.com/@types/retry/-/retry-0.12.2.tgz#ed279a64fa438bb69f2480eda44937912bb7480a"
  integrity sha512-XISRgDJ2Tc5q4TRqvgJtzsRkFYNJzZrhTdtMoGVBttwzzQJkPnS3WWTFc7kuDRoPtPakl+T+OfdEUjYJj7Jbow==

"@uppy/audio@^2.1.3":
  version "2.2.1"
  resolved "https://registry.yarnpkg.com/@uppy/audio/-/audio-2.2.1.tgz#19195dafab08f5865e1bf19b5b6cb04ac0780d5e"
  integrity sha512-siNfU1t14G8QektQUFRKofZraiBqFmGJGgFXa9EHrS0r+UC6yYDEOh0FnEiJLIuMgrhpI47nUnlx6O0BUaTk7w==
  dependencies:
    "@uppy/utils" "^6.2.1"
    preact "^10.5.13"

"@uppy/aws-s3@^4.2.3":
  version "4.3.1"
  resolved "https://registry.yarnpkg.com/@uppy/aws-s3/-/aws-s3-4.3.1.tgz#e27769bb48071fc268e6ce19f0fe4299d85b2c4e"
  integrity sha512-u46AWbR0Ui/qlFvzaO4m50Si2XRY6JRE0u+ucAuN/EKEoPYeHEW+DR9wa+AGVPARUKv36rg4MpIrFK8btOg8vg==
  dependencies:
    "@uppy/companion-client" "^4.5.1"
    "@uppy/utils" "^6.2.1"

"@uppy/box@^3.2.3", "@uppy/box@^3.3.1":
  version "3.3.1"
  resolved "https://registry.yarnpkg.com/@uppy/box/-/box-3.3.1.tgz#8d8fd543bd2ff1e452600945022931f52450363f"
  integrity sha512-02SMsL1Uytsyq6kpGImCADag0r4T+WzAgGMg0Y5rA7g6eJa31q/DUAJiee43wSVZadOj0y1Bj86gaYYlvz8VWA==
  dependencies:
    "@uppy/companion-client" "^4.5.1"
    "@uppy/provider-views" "^4.5.1"
    "@uppy/utils" "^6.2.1"
    preact "^10.5.13"

"@uppy/companion-client@^4.4.2", "@uppy/companion-client@^4.5.1":
  version "4.5.1"
  resolved "https://registry.yarnpkg.com/@uppy/companion-client/-/companion-client-4.5.1.tgz#35118b4a8d865ffe766dd921f44ba927fbf98a6c"
  integrity sha512-gHgC/CajV4rxgFI3stttr2xHZbJxeldMUrNdcEqvtPwu9g7fvn7ejP5dmQSJRJqxOq1+NWNaOttihEcYHjd8BA==
  dependencies:
    "@uppy/utils" "^6.2.1"
    namespace-emitter "^2.0.1"
    p-retry "^6.1.0"

"@uppy/compressor@^2.2.1":
  version "2.3.1"
  resolved "https://registry.yarnpkg.com/@uppy/compressor/-/compressor-2.3.1.tgz#cfa6cd38d3be2277d550d7b3264db430fa0b37d6"
  integrity sha512-x9CpFkxWSpRP3Pvtr2rkHhXaZWnqn6OhBO6cgWeneqPvZ78hhFEIsbhBN5T+1pqzluCyImkMORBvE30KYPoqHw==
  dependencies:
    "@transloadit/prettier-bytes" "^0.3.4"
    "@uppy/utils" "^6.2.1"
    compressorjs "^1.2.1"
    preact "^10.5.13"
    promise-queue "^2.2.5"

"@uppy/core@^4.4.7":
  version "4.5.1"
  resolved "https://registry.yarnpkg.com/@uppy/core/-/core-4.5.1.tgz#30fb60bfe6e49c5f607e041a96ba112692841728"
  integrity sha512-QIySR1EstRBHgH6YnomvxgxZbZkBr6CLoR7wC54Ex44HoY/I5YcK6SM/mAuFQaR0yAHI2SYW5W5ey7dPn+wDAw==
  dependencies:
    "@transloadit/prettier-bytes" "^0.3.4"
    "@uppy/store-default" "^4.3.1"
    "@uppy/utils" "^6.2.1"
    lodash "^4.17.21"
    mime-match "^1.0.2"
    namespace-emitter "^2.0.1"
    nanoid "^5.0.9"
    preact "^10.5.13"

"@uppy/dashboard@^4.3.4", "@uppy/dashboard@^4.4.1":
  version "4.4.1"
  resolved "https://registry.yarnpkg.com/@uppy/dashboard/-/dashboard-4.4.1.tgz#2a238240246cd83d14f29c555d3a7801a7f7ac3a"
  integrity sha512-0kd+2ZFPlkz/udFLk/LlPqcTjqc68A4OWhF1ftSsV+Bogi4kL2P0gjHHSdgKV5/uPeqfuLs8dvtCuFahSwsV/Q==
  dependencies:
    "@transloadit/prettier-bytes" "^0.3.4"
    "@uppy/informer" "^4.3.1"
    "@uppy/provider-views" "^4.5.1"
    "@uppy/status-bar" "^4.2.1"
    "@uppy/thumbnail-generator" "^4.2.1"
    "@uppy/utils" "^6.2.1"
    classnames "^2.2.6"
    lodash "^4.17.21"
    nanoid "^5.0.9"
    preact "^10.5.13"
    shallow-equal "^3.0.0"

"@uppy/drag-drop@^4.1.3":
  version "4.2.1"
  resolved "https://registry.yarnpkg.com/@uppy/drag-drop/-/drag-drop-4.2.1.tgz#0f4f1d27b61b9335715c687e3d34b0dda93235ca"
  integrity sha512-WCrnUvVnbdviRMipmyNnRWy8rU84+TpPm2zaBeaO4v2dIhvWiIedVOeT8F3AKWxfQlQ1OXHnQbATQM4E35Yxow==
  dependencies:
    "@uppy/utils" "^6.2.1"
    preact "^10.5.13"

"@uppy/drop-target@^3.1.1":
  version "3.2.1"
  resolved "https://registry.yarnpkg.com/@uppy/drop-target/-/drop-target-3.2.1.tgz#30cacc0152ac72d72225996b04683ada75b0a8fc"
  integrity sha512-BPKElyQ+Sv3JEVVzrS3d6wniRCrL5UL0bT5C4IOxcWd0AvNm6II6dYyYTCKUxyltfxt1v6kMQ/Zi+nzOlZZPew==
  dependencies:
    "@uppy/utils" "^6.2.1"

"@uppy/dropbox@^4.2.3", "@uppy/dropbox@^4.3.1":
  version "4.3.1"
  resolved "https://registry.yarnpkg.com/@uppy/dropbox/-/dropbox-4.3.1.tgz#c8fe50c69a02037ad77da44f847007b525c58db4"
  integrity sha512-slNQ4XqRjL5zXRFsJHkkvLs++4I1/LfaJbiWh8XZ12d/oxl8mM5JJUkYyZ+RDfGcUGhA/5HQrqgLG8INGqTRWQ==
  dependencies:
    "@uppy/companion-client" "^4.5.1"
    "@uppy/provider-views" "^4.5.1"
    "@uppy/utils" "^6.2.1"
    preact "^10.5.13"

"@uppy/facebook@^4.2.3", "@uppy/facebook@^4.3.1":
  version "4.3.1"
  resolved "https://registry.yarnpkg.com/@uppy/facebook/-/facebook-4.3.1.tgz#6e2a38dee012e8adf4f287f4ed96759ed77ab6bb"
  integrity sha512-TgoEoqbZXY8KG4zKQDTl1FJh1jApRrfYlxBCODiQdh2d6A1uf9Gjj8ZUxOtDiCnupKPb+ufRw6kilkfJAllEuw==
  dependencies:
    "@uppy/companion-client" "^4.5.1"
    "@uppy/provider-views" "^4.5.1"
    "@uppy/utils" "^6.2.1"
    preact "^10.5.13"

"@uppy/file-input@^4.1.3":
  version "4.2.1"
  resolved "https://registry.yarnpkg.com/@uppy/file-input/-/file-input-4.2.1.tgz#cf7b14ac4db86eb4aa9af94c6f505802213d6092"
  integrity sha512-uGh3Fs2makAFF8KLr51Qs9A4/K+V2RsAq1NN5aoOE7oytiWW9c2R+fxTPV7vhzomI0XrolSvE5J3Z6GbdcF2CQ==
  dependencies:
    "@uppy/utils" "^6.2.1"
    preact "^10.5.13"

"@uppy/form@^4.1.1":
  version "4.2.1"
  resolved "https://registry.yarnpkg.com/@uppy/form/-/form-4.2.1.tgz#d35e24c2e5d4f1688d881f36f5f89146440d24fc"
  integrity sha512-zZlOQJryQhXtkcj3oi1fx/xXausoKAu+j23t1XQxLXtNh4tLg2KHUcpnkVqcFrgKzx0Vh2cjv3KFBJC6Yb+fCQ==
  dependencies:
    "@uppy/utils" "^6.2.1"
    get-form-data "^3.0.0"

"@uppy/golden-retriever@^4.1.1":
  version "4.2.1"
  resolved "https://registry.yarnpkg.com/@uppy/golden-retriever/-/golden-retriever-4.2.1.tgz#e3b5987f8681d50f9ea12871c4577dcfc5ac59c6"
  integrity sha512-6EJMQRcf2MR56RNVN+r+PZLY4SFIPnSyBSGqKkcXe1z0ykIthHTJ9v3LQ7qYXQUjLa4lg8arqgu3/blClwu2tg==
  dependencies:
    "@uppy/utils" "^6.2.1"
    lodash "^4.17.21"

"@uppy/google-drive-picker@^0.3.6":
  version "0.3.6"
  resolved "https://registry.yarnpkg.com/@uppy/google-drive-picker/-/google-drive-picker-0.3.6.tgz#8498164a15a5b76cffed22b54383101a863e33fc"
  integrity sha512-CwhlFl737UlO0q4e6UB+MuzVUDsY4H+Qh6KoirCvXEmTfov8/n0mA0yosA4VdBhRAU7iAKCxaA8czhFmAEaiCA==
  dependencies:
    "@uppy/companion-client" "^4.4.2"
    "@uppy/provider-views" "^4.4.5"
    "@uppy/utils" "^6.1.5"
    preact "^10.5.13"

"@uppy/google-drive@^4.3.3", "@uppy/google-drive@^4.4.1":
  version "4.4.1"
  resolved "https://registry.yarnpkg.com/@uppy/google-drive/-/google-drive-4.4.1.tgz#fd677092670af7d28044a4f1d4e024a8ca5dc429"
  integrity sha512-iV0fHoVNOJ5zVSHd39fGker7i5sIhO1dnaDZ8KLxUQvB2gq77bsnSovyfT9OzTzL0xrdlcNwlQITPbM9+ojsaA==
  dependencies:
    "@uppy/companion-client" "^4.5.1"
    "@uppy/provider-views" "^4.5.1"
    "@uppy/utils" "^6.2.1"
    preact "^10.5.13"

"@uppy/google-photos-picker@^0.3.6":
  version "0.3.6"
  resolved "https://registry.yarnpkg.com/@uppy/google-photos-picker/-/google-photos-picker-0.3.6.tgz#19a39d51bd3ae20be20e99212bbc0e9f35456bdb"
  integrity sha512-kxahIcQhz81SBxwFS/j+JogEneKXtzbhwMD+SspULUh29S3duHJV5nWC03/ImoagbTTO4ys+SWpK/gNjcOAy7w==
  dependencies:
    "@uppy/companion-client" "^4.4.2"
    "@uppy/provider-views" "^4.4.5"
    "@uppy/utils" "^6.1.5"
    preact "^10.5.13"

"@uppy/image-editor@^3.3.3":
  version "3.4.1"
  resolved "https://registry.yarnpkg.com/@uppy/image-editor/-/image-editor-3.4.1.tgz#d9a72ecd17c5a3df5874d022684807c7223865ba"
  integrity sha512-WRppQQz+T/J5rZWHe+bE6N31OtiHity1yW1JXaIEwL6Y7UEVEdaSGbl8eR+xdJWpsttWHSHiLRj6Ga72dMnx/A==
  dependencies:
    "@uppy/utils" "^6.2.1"
    cropperjs "^1.6.2"
    preact "^10.5.13"

"@uppy/informer@^4.2.1", "@uppy/informer@^4.3.1":
  version "4.3.1"
  resolved "https://registry.yarnpkg.com/@uppy/informer/-/informer-4.3.1.tgz#4309b065f78f11090027713af6a3d7aa5d9f557e"
  integrity sha512-gaZyutRFw0NZShrBNIaxAAnvNsI7ksoMiXMGAofr91JLxcTwL6gfvLnJw1+qNLICqq6T8vqOFhVpn//G/38huw==
  dependencies:
    "@uppy/utils" "^6.2.1"
    preact "^10.5.13"

"@uppy/instagram@^4.2.3", "@uppy/instagram@^4.3.1":
  version "4.3.1"
  resolved "https://registry.yarnpkg.com/@uppy/instagram/-/instagram-4.3.1.tgz#7bcf0e26277dfb37428fc8e1a155e3535e4eaa8c"
  integrity sha512-Ze0h83dS7eDEQWs95/xkUNK11wT+p3P8Lz+UEnS9hIhg2ur6c/D+z5Jn6N94OCeRT/z5GqyilUeTNkRlkmWGng==
  dependencies:
    "@uppy/companion-client" "^4.5.1"
    "@uppy/provider-views" "^4.5.1"
    "@uppy/utils" "^6.2.1"
    preact "^10.5.13"

"@uppy/onedrive@^4.2.4", "@uppy/onedrive@^4.3.1":
  version "4.3.1"
  resolved "https://registry.yarnpkg.com/@uppy/onedrive/-/onedrive-4.3.1.tgz#2d001410082e7364fabdf7380f57ae1d3d3d5147"
  integrity sha512-ez432cIKA747ZDfWJRT9T0ENYGfgxX9sDgZR8giTg3C6CZEXZmy66ANNgPgFTcKxbfFqTj+VELBbalplEcuJVw==
  dependencies:
    "@uppy/companion-client" "^4.5.1"
    "@uppy/provider-views" "^4.5.1"
    "@uppy/utils" "^6.2.1"
    preact "^10.5.13"

"@uppy/progress-bar@^4.2.1":
  version "4.3.1"
  resolved "https://registry.yarnpkg.com/@uppy/progress-bar/-/progress-bar-4.3.1.tgz#bd7e96e31187ff06da86fcb172a1cb957619d8de"
  integrity sha512-ppKqCChmYp79yjN5cYODV/Cy1+gUBimVV6+MOc7VOmHBzFvHVXL0XRu7hHt6C+hs4W7cpj31yT9/V3gyd2s4dw==
  dependencies:
    "@uppy/utils" "^6.2.1"
    preact "^10.5.13"

"@uppy/provider-views@^4.4.3", "@uppy/provider-views@^4.4.5", "@uppy/provider-views@^4.5.1":
  version "4.5.1"
  resolved "https://registry.yarnpkg.com/@uppy/provider-views/-/provider-views-4.5.1.tgz#94bed44f4e2b4ecdbc9cfbb1b9a4ab6c8fc40696"
  integrity sha512-Qz/vAoiszRParpjpZGG/ZrMiaz6auzsesLo1/UNgY6PiSklwUXmAXq/Zxagxk+Vc13U4/helgFp9IeRBMYD//A==
  dependencies:
    "@uppy/utils" "^6.2.1"
    classnames "^2.2.6"
    nanoid "^5.0.9"
    p-queue "^8.0.0"
    preact "^10.5.13"

"@uppy/redux-dev-tools@^4.0.1":
  version "4.1.1"
  resolved "https://registry.yarnpkg.com/@uppy/redux-dev-tools/-/redux-dev-tools-4.1.1.tgz#2492bea98647f8a0eb0a30c2f1704ca8ad57f42d"
  integrity sha512-zDhG75qENGX+NiSmpT2QEYhp+ErQpb0B9MEfGFIsUW4utwUKZrAXpGu/n/zIwUVlB7ZWzrWRIPLppSAR74iKLw==

"@uppy/remote-sources@^2.3.4":
  version "2.4.1"
  resolved "https://registry.yarnpkg.com/@uppy/remote-sources/-/remote-sources-2.4.1.tgz#7bef4ddb5128c739e87d747b35717aacc538d183"
  integrity sha512-Arx13OFv3EDx8v2OIUfSwoc0+Bb+OdxikYvkX/jDzC+KRp8NEP6Rf02dQYa+fNkzLPHvg7MVUJ0Jp6IiJ3ppgw==
  dependencies:
    "@uppy/box" "^3.3.1"
    "@uppy/dashboard" "^4.4.1"
    "@uppy/dropbox" "^4.3.1"
    "@uppy/facebook" "^4.3.1"
    "@uppy/google-drive" "^4.4.1"
    "@uppy/instagram" "^4.3.1"
    "@uppy/onedrive" "^4.3.1"
    "@uppy/unsplash" "^4.4.1"
    "@uppy/url" "^4.3.1"
    "@uppy/zoom" "^3.3.1"

"@uppy/screen-capture@^4.3.1":
  version "4.4.1"
  resolved "https://registry.yarnpkg.com/@uppy/screen-capture/-/screen-capture-4.4.1.tgz#912bf20dfce8c09327e7268b446d9467b7f3bfbf"
  integrity sha512-EI/N25DGDdBleH2SXIAIBZ1Oj7Gjv4cG5ScsB1z82ejFcB04eh8hBOtsEGdodWMrDwIIBQQ3WBd7bzaLcmjluA==
  dependencies:
    "@uppy/utils" "^6.2.1"
    preact "^10.5.13"

"@uppy/status-bar@^4.1.3", "@uppy/status-bar@^4.2.1":
  version "4.2.1"
  resolved "https://registry.yarnpkg.com/@uppy/status-bar/-/status-bar-4.2.1.tgz#94e4ada6a7144404838b35d88ff913a579bebc95"
  integrity sha512-4mFDEmWcj8NsOBrBqc7s52Ybhg2T7XaIFQvCRzv93OpTmWAwppV6QxiUa7pVqCqR56SULiFFqPc3OZwbgnmq8w==
  dependencies:
    "@transloadit/prettier-bytes" "^0.3.4"
    "@uppy/utils" "^6.2.1"
    classnames "^2.2.6"
    preact "^10.5.13"

"@uppy/store-default@^4.2.0", "@uppy/store-default@^4.3.1":
  version "4.3.1"
  resolved "https://registry.yarnpkg.com/@uppy/store-default/-/store-default-4.3.1.tgz#710a5473b10bb87fb795c9cb5f9f166decdcd896"
  integrity sha512-7/FIJXxGrF2QQ+X9MpSzXIZPbU9GXTtEZ9l8FWvxJ5fR9pjVFqfJ0MiLBGQsZlua9Kx/LhW51urFYeHAmbIN1w==

"@uppy/store-redux@^4.0.2":
  version "4.1.1"
  resolved "https://registry.yarnpkg.com/@uppy/store-redux/-/store-redux-4.1.1.tgz#6edc14646e0384251dcc9382fbd323a22bff1ebb"
  integrity sha512-bmfLiviu16J9yONq93rpgKnfGZG7OP9HrNImNP18hR3uGtFmo5DFR+sa1WK+5tMWYCzU+vmxEdRTix3QqGHtCg==
  dependencies:
    nanoid "^5.0.9"

"@uppy/thumbnail-generator@^4.1.1", "@uppy/thumbnail-generator@^4.2.1":
  version "4.2.1"
  resolved "https://registry.yarnpkg.com/@uppy/thumbnail-generator/-/thumbnail-generator-4.2.1.tgz#ed0643fa3ae2ec6bf68b863a46a4230b2ef00161"
  integrity sha512-+rjC8vGIegQs86+m43BbrAIK6iNJ9jiVvno50UxAvrxnQZqpsjisXIVFaH7FWrFPSVkMJvCzPwQdPIIQbN32Dg==
  dependencies:
    "@uppy/utils" "^6.2.1"
    exifr "^7.0.0"

"@uppy/transloadit@^4.2.2":
  version "4.3.1"
  resolved "https://registry.yarnpkg.com/@uppy/transloadit/-/transloadit-4.3.1.tgz#f7a5f92fb82b0efde0f55bd6911ec7587faefe75"
  integrity sha512-EoyO3su5nIj5PGhhkwpu+/9iGap9+6LnWVDLukZKxTyOoAwjuof7+WHvcvmWNfBrtsWxa5D8izYng8tsiDgFFw==
  dependencies:
    "@uppy/companion-client" "^4.5.1"
    "@uppy/provider-views" "^4.5.1"
    "@uppy/tus" "^4.3.1"
    "@uppy/utils" "^6.2.1"
    component-emitter "^2.0.0"

"@uppy/tus@^4.2.2", "@uppy/tus@^4.3.1":
  version "4.3.1"
  resolved "https://registry.yarnpkg.com/@uppy/tus/-/tus-4.3.1.tgz#72315a42b5d1a00bcaaee2989c56d7aa23d38a0d"
  integrity sha512-UwdU1/xvrClobmrLuZJdm0tHTGdCcZv7ukxXOaLByhdhZz4Ci9MReKusK0aEAcjgJvWtVe6vcsy1vnlq6ZZVzQ==
  dependencies:
    "@uppy/companion-client" "^4.5.1"
    "@uppy/utils" "^6.2.1"
    tus-js-client "^4.2.3"

"@uppy/unsplash@^4.3.4", "@uppy/unsplash@^4.4.1":
  version "4.4.1"
  resolved "https://registry.yarnpkg.com/@uppy/unsplash/-/unsplash-4.4.1.tgz#407bad6c9e60a6fd0399d9194138c337ebb01b1c"
  integrity sha512-45NibeAkSvOIjGNzX7OTT5khcGcbuck4dBKnpNItK1bVkMBY40BFSx1NQObQndRGw992o/Danv3b3IFRbp9/hA==
  dependencies:
    "@uppy/companion-client" "^4.5.1"
    "@uppy/provider-views" "^4.5.1"
    "@uppy/utils" "^6.2.1"
    preact "^10.5.13"

"@uppy/url@^4.2.4", "@uppy/url@^4.3.1":
  version "4.3.1"
  resolved "https://registry.yarnpkg.com/@uppy/url/-/url-4.3.1.tgz#7ea321376c688077ae9e6de7546b9886063889f7"
  integrity sha512-cEPrUt/QlKNHEwaPXwYDULvDj+lLEncVtzFeZd2z5JMkNGmY4V+atH8qDiqpXL2zUIqwRVqlSz1ADTWsFYF1UQ==
  dependencies:
    "@uppy/companion-client" "^4.5.1"
    "@uppy/utils" "^6.2.1"
    nanoid "^5.0.9"
    preact "^10.5.13"

"@uppy/utils@^6.1.4", "@uppy/utils@^6.1.5", "@uppy/utils@^6.2.1":
  version "6.2.1"
  resolved "https://registry.yarnpkg.com/@uppy/utils/-/utils-6.2.1.tgz#69a9579bd1864ffcbc179042e553e34930503eeb"
  integrity sha512-snvbsepFXw1o9fOl8vnRtlBkT9/B0taZwo9rbKKCLjc1tWvBwJV4y8INOmn/+iYr+bEmYb5Cm6a1djHBChpsbg==
  dependencies:
    lodash "^4.17.21"
    preact "^10.5.13"

"@uppy/webcam@^4.2.1":
  version "4.3.1"
  resolved "https://registry.yarnpkg.com/@uppy/webcam/-/webcam-4.3.1.tgz#13d026d204f24aeb5b043a07362f2fb481c44e25"
  integrity sha512-O1vjMsRYwKCzUGOQQ/6QGtjUJpMpDBKjvjNfu+fRI7MWZUEzELEHddYd1PJe3eqGv+p8LKmvPXTYaB1JHvh0mQ==
  dependencies:
    "@uppy/utils" "^6.2.1"
    is-mobile "^4.0.0"
    preact "^10.5.13"

"@uppy/webdav@^0.3.3":
  version "0.3.3"
  resolved "https://registry.yarnpkg.com/@uppy/webdav/-/webdav-0.3.3.tgz#335fd26e3d98f8d828a1c46495626e7e2d4f7bdb"
  integrity sha512-vmKCQVV1a8bfa/dMwnjWCIHU6AP9SUkt6tvO+V2IJMUZgdPgyxgpFYz9TNGKqnoBEUcWvTv7dFxVGAk85ZQuyg==
  dependencies:
    "@uppy/companion-client" "^4.4.2"
    "@uppy/provider-views" "^4.4.3"
    "@uppy/utils" "^6.1.4"
    preact "^10.5.13"

"@uppy/xhr-upload@^4.3.3":
  version "4.4.1"
  resolved "https://registry.yarnpkg.com/@uppy/xhr-upload/-/xhr-upload-4.4.1.tgz#0131371659a8c06451553ada89ce12bd06a5866f"
  integrity sha512-2b7ZL3bVZNMCnbM67t1TTTSFIRWZ1mTFXg2abI66X2e7F98Nu2pA8ZqBWQjYq4dGLFBkTl6zoZsuYUnZRDUifw==
  dependencies:
    "@uppy/companion-client" "^4.5.1"
    "@uppy/utils" "^6.2.1"

"@uppy/zoom@^3.2.3", "@uppy/zoom@^3.3.1":
  version "3.3.1"
  resolved "https://registry.yarnpkg.com/@uppy/zoom/-/zoom-3.3.1.tgz#984d2e77c7ab46495b6e797cdebe4be355c7048d"
  integrity sha512-l36PNvVrX2j90Bfs74VbJ910oyN6t+1ybwLYVw/xDi+Xcg3EjpOI8F/T3ok8nCm7h2yhxZcs9DkXtu/KCe0/0w==
  dependencies:
    "@uppy/companion-client" "^4.5.1"
    "@uppy/provider-views" "^4.5.1"
    "@uppy/utils" "^6.2.1"
    preact "^10.5.13"

"@volo/abp.aspnetcore.mvc.ui.theme.commercial@~9.2.3":
  version "9.2.3"
  resolved "https://registry.yarnpkg.com/@volo/abp.aspnetcore.mvc.ui.theme.commercial/-/abp.aspnetcore.mvc.ui.theme.commercial-9.2.3.tgz#9295cbca4f35593c30c46ab4b44d040b31a4fb76"
  integrity sha512-FOOZInGARIIkYkP45QPfL1vgeAphFNTpBSmFRvJTrq4VYTEadR+HY0qkTZpujBeF5+k3zxUc6vslXLXqdrcWGw==
  dependencies:
    "@abp/aspnetcore.mvc.ui.theme.shared" "~9.2.3"

"@volo/abp.aspnetcore.mvc.ui.theme.leptonx@~4.2.0":
  version "4.2.3"
  resolved "https://registry.yarnpkg.com/@volo/abp.aspnetcore.mvc.ui.theme.leptonx/-/abp.aspnetcore.mvc.ui.theme.leptonx-4.2.3.tgz#86c2185f898cb0e51a6a1f83e298b2b36bc6482d"
  integrity sha512-34PCdb01NqmY86KYSSleStLHOPgRXztiiqYBQTIwZEPytb/gF/4sB9qTpNFtILAgXVluxgj+/PUjsDELveR4fQ==
  dependencies:
    "@volo/abp.aspnetcore.mvc.ui.theme.commercial" "~9.2.3"

"@volo/account@~9.2.0":
  version "9.2.3"
  resolved "https://registry.yarnpkg.com/@volo/account/-/account-9.2.3.tgz#43385a54f7064e8f53bc35582ee617896ebad9b1"
  integrity sha512-rq0K1Gr61jHu6YJJ8SC9aJG85+OZCzo7Y2uPP6Bv4ihFMYfZCEQoriPpFww5aQemBXnnhTtdwuUyvZlpbmFrsA==
  dependencies:
    "@abp/cropperjs" "~9.2.3"
    "@abp/qrcode" "~9.2.3"
    "@abp/uppy" "~9.2.3"
    "@abp/zxcvbn" "~9.2.3"
    "@volo/abp.aspnetcore.mvc.ui.theme.commercial" "~9.2.3"

ansi-colors@^4.1.3:
  version "4.1.3"
  resolved "https://registry.yarnpkg.com/ansi-colors/-/ansi-colors-4.1.3.tgz#37611340eb2243e70cc604cad35d63270d48781b"
  integrity sha512-/6w/C21Pm1A7aZitlI5Ni/2J6FFQN8i1Cvz3kHABAAbw93v/NlvKdVOqz7CCWz/3iv/JplRSEEZ83XION15ovw==

blueimp-canvas-to-blob@^3.29.0:
  version "3.29.0"
  resolved "https://registry.yarnpkg.com/blueimp-canvas-to-blob/-/blueimp-canvas-to-blob-3.29.0.tgz#d965f06cb1a67fdae207a2be56683f55ef531466"
  integrity sha512-0pcSSGxC0QxT+yVkivxIqW0Y4VlO2XSDPofBAqoJ1qJxgH9eiUDLv50Rixij2cDuEfx4M6DpD9UGZpRhT5Q8qg==

bootstrap-datepicker@^1.10.0:
  version "1.10.0"
  resolved "https://registry.yarnpkg.com/bootstrap-datepicker/-/bootstrap-datepicker-1.10.0.tgz#61612bbe8bf0a69a5bce32bbcdda93ebb6ccf24a"
  integrity sha512-lWxtSYddAQOpbAO8UhYhHLcK6425eWoSjb5JDvZU3ePHEPF6A3eUr51WKaFy4PccU19JRxUG6wEU3KdhtKfvpg==
  dependencies:
    jquery ">=3.4.0 <4.0.0"

bootstrap-daterangepicker@^3.1.0:
  version "3.1.0"
  resolved "https://registry.yarnpkg.com/bootstrap-daterangepicker/-/bootstrap-daterangepicker-3.1.0.tgz#632e6fb2de4b6360c5c0a9d5f6adb9aace051fe8"
  integrity sha512-oaQZx6ZBDo/dZNyXGVi2rx5GmFXThyQLAxdtIqjtLlYVaQUfQALl5JZMJJZzyDIX7blfy4ppZPAJ10g8Ma4d/g==
  dependencies:
    jquery ">=1.10"
    moment "^2.9.0"

bootstrap@^5.3.3:
  version "5.3.7"
  resolved "https://registry.yarnpkg.com/bootstrap/-/bootstrap-5.3.7.tgz#8640065036124d961d885d80b5945745e1154d90"
  integrity sha512-7KgiD8UHjfcPBHEpDNg+zGz8L3LqR3GVwqZiBRFX04a1BCArZOz1r2kjly2HQ0WokqTO0v1nF+QAt8dsW4lKlw==

buffer-from@^1.1.2:
  version "1.1.2"
  resolved "https://registry.yarnpkg.com/buffer-from/-/buffer-from-1.1.2.tgz#2b146a6fd72e80b4f55d255f35ed59a3a9a41bd5"
  integrity sha512-E+XQCRwSbaaiChtv6k6Dwgc+bx+Bs6vuKJHHl5kox/BaKbhiXzqQOwK4cO22yElGp2OCmjwVhT3HmxgyPGnJfQ==

classnames@^2.2.6:
  version "2.5.1"
  resolved "https://registry.yarnpkg.com/classnames/-/classnames-2.5.1.tgz#ba774c614be0f016da105c858e7159eae8e7687b"
  integrity sha512-saHYOzhIQs6wy2sVxTM6bUDsQO4F50V9RQ22qBpEdCW+I+/Wmke2HOl6lS6dTpdxVhb88/I6+Hs+438c3lfUow==

combine-errors@^3.0.3:
  version "3.0.3"
  resolved "https://registry.yarnpkg.com/combine-errors/-/combine-errors-3.0.3.tgz#f4df6740083e5703a3181110c2b10551f003da86"
  integrity sha512-C8ikRNRMygCwaTx+Ek3Yr+OuZzgZjduCOfSQBjbM8V3MfgcjSTeto/GXP6PAwKvJz/v15b7GHZvx5rOlczFw/Q==
  dependencies:
    custom-error-instance "2.1.1"
    lodash.uniqby "4.5.0"

component-emitter@^2.0.0:
  version "2.0.0"
  resolved "https://registry.yarnpkg.com/component-emitter/-/component-emitter-2.0.0.tgz#3a137dfe66fcf2efe3eab7cb7d5f51741b3620c6"
  integrity sha512-4m5s3Me2xxlVKG9PkZpQqHQR7bgpnN7joDMJ4yvVkVXngjoITG76IaZmzmywSeRTeTpc6N6r3H3+KyUurV8OYw==

compressorjs@^1.2.1:
  version "1.2.1"
  resolved "https://registry.yarnpkg.com/compressorjs/-/compressorjs-1.2.1.tgz#4dee18ef5032f8166bd0a3258f045eda2cd07671"
  integrity sha512-+geIjeRnPhQ+LLvvA7wxBQE5ddeLU7pJ3FsKFWirDw6veY3s9iLxAQEw7lXGHnhCJvBujEQWuNnGzZcvCvdkLQ==
  dependencies:
    blueimp-canvas-to-blob "^3.29.0"
    is-blob "^2.1.0"

cropperjs@^1.6.2:
  version "1.6.2"
  resolved "https://registry.yarnpkg.com/cropperjs/-/cropperjs-1.6.2.tgz#d1a5d627d880581cca41b7901f06923500e4201b"
  integrity sha512-nhymn9GdnV3CqiEHJVai54TULFAE3VshJTXSqSJKa8yXAKyBKDWdhHarnlIPrshJ0WMFTGuFvG02YjLXfPiuOA==

custom-error-instance@2.1.1:
  version "2.1.1"
  resolved "https://registry.yarnpkg.com/custom-error-instance/-/custom-error-instance-2.1.1.tgz#3cf6391487a6629a6247eb0ca0ce00081b7e361a"
  integrity sha512-p6JFxJc3M4OTD2li2qaHkDCw9SfMw82Ldr6OC9Je1aXiGfhx2W8p3GaoeaGrPJTUN9NirTM/KTxHWMUdR1rsUg==

datatables.net-bs5@^2.1.8:
  version "2.3.2"
  resolved "https://registry.yarnpkg.com/datatables.net-bs5/-/datatables.net-bs5-2.3.2.tgz#cffb8007a9f752a997bc70c0dbe9f545edfd18eb"
  integrity sha512-1rh0ZTLoiziIQ4oAtgr+IOYVgJfAIceDnbDe535u8kv191pBAdTrKF6ovQO98Xy9mDXLdLNB7QCrLiV/sgPoQw==
  dependencies:
    datatables.net "2.3.2"
    jquery ">=1.7"

datatables.net@2.3.2, datatables.net@^2.1.8:
  version "2.3.2"
  resolved "https://registry.yarnpkg.com/datatables.net/-/datatables.net-2.3.2.tgz#6821f6288e6ad3cb6879c33e0e7e11d4091d330b"
  integrity sha512-31TzwIQM0+pr2ZOEOEH6dsHd/WSAl5GDDGPezOHPI3mM2NK4lcDyOoG8xXeWmSbVfbi852LNK5C84fpp4Q+qxg==
  dependencies:
    jquery ">=1.7"

eventemitter3@^5.0.1:
  version "5.0.1"
  resolved "https://registry.yarnpkg.com/eventemitter3/-/eventemitter3-5.0.1.tgz#53f5ffd0a492ac800721bb42c66b841de96423c4"
  integrity sha512-GWkBvjiSZK87ELrYOSESUYeVIc9mvLLf/nXalMOS5dYrgZq9o5OVkbZAVM06CVxYsCwH9BDZFPlQTlPA1j4ahA==

exifr@^7.0.0:
  version "7.1.3"
  resolved "https://registry.yarnpkg.com/exifr/-/exifr-7.1.3.tgz#f6218012c36dbb7d843222011b27f065fddbab6f"
  integrity sha512-g/aje2noHivrRSLbAUtBPWFbxKdKhgj/xr1vATDdUXPOFYJlQ62Ft0oy+72V6XLIpDJfHs6gXLbBLAolqOXYRw==

get-form-data@^3.0.0:
  version "3.0.0"
  resolved "https://registry.yarnpkg.com/get-form-data/-/get-form-data-3.0.0.tgz#7abbf0e75e5ff155f75ba26eadeb9a4d70bf95dc"
  integrity sha512-1d53Kn08wlPuLu31/boF1tW2WRYKw3xAWae3mqcjqpDjoqVBtXolbQnudbbEFyFWL7+2SLGRAFdotxNY06V7MA==

graceful-fs@^4.2.4:
  version "4.2.11"
  resolved "https://registry.yarnpkg.com/graceful-fs/-/graceful-fs-4.2.11.tgz#4183e4e8bf08bb6e05bbb2f7d2e0c8f712ca40e3"
  integrity sha512-RbJ5/jmFcNNCcDV5o9eTnBLJ/HszWV0P73bc+Ff4nS/rJj+YaS6IGyiOL0VoBYX+l1Wrl3k63h/KrH+nhJ0XvQ==

is-blob@^2.1.0:
  version "2.1.0"
  resolved "https://registry.yarnpkg.com/is-blob/-/is-blob-2.1.0.tgz#e36cd82c90653f1e1b930f11baf9c64216a05385"
  integrity sha512-SZ/fTft5eUhQM6oF/ZaASFDEdbFVe89Imltn9uZr03wdKMcWNVYSMjQPFtg05QuNkt5l5c135ElvXEQG0rk4tw==

is-mobile@^4.0.0:
  version "4.0.0"
  resolved "https://registry.yarnpkg.com/is-mobile/-/is-mobile-4.0.0.tgz#bba396eb9656e2739afde3053d7191da310fc758"
  integrity sha512-mlcHZA84t1qLSuWkt2v0I2l61PYdyQDt4aG1mLIXF5FDMm4+haBCxCPYSr/uwqQNRk1MiTizn0ypEuRAOLRAew==

is-network-error@^1.0.0:
  version "1.1.0"
  resolved "https://registry.yarnpkg.com/is-network-error/-/is-network-error-1.1.0.tgz#d26a760e3770226d11c169052f266a4803d9c997"
  integrity sha512-tUdRRAnhT+OtCZR/LxZelH/C7QtjtFrTu5tXCA8pl55eTUElUHT+GPYV8MBMBvea/j+NxQqVt3LbWMRir7Gx9g==

is-stream@^2.0.0:
  version "2.0.1"
  resolved "https://registry.yarnpkg.com/is-stream/-/is-stream-2.0.1.tgz#fac1e3d53b97ad5a9d0ae9cef2389f5810a5c077"
  integrity sha512-hFoiJiTl63nn+kstHGBtewWSKnQLpyb155KHheA1l39uvtO9nWIop1p3udqPcUd/xbF1VLMO4n7OI6p7RbngDg==

jquery-form@^4.3.0:
  version "4.3.0"
  resolved "https://registry.yarnpkg.com/jquery-form/-/jquery-form-4.3.0.tgz#7d3961c314a1f2d15298f4af1d3943f54f4149c6"
  integrity sha512-q3uaVCEWdLOYUCI6dpNdwf/7cJFOsUgdpq6r0taxtGQ5NJSkOzofyWm4jpOuJ5YxdmL1FI5QR+q+HB63HHLGnQ==
  dependencies:
    jquery ">=1.7.2"

jquery-mousewheel@>=3.0.6:
  version "3.2.2"
  resolved "https://registry.yarnpkg.com/jquery-mousewheel/-/jquery-mousewheel-3.2.2.tgz#48c833f6260ee0c46d438a999e7d0060ec9eed0b"
  integrity sha512-JP71xTAg08ZY3hcs9ZbYUZ5i+dkSsz4yRl/zpWkAmtzc+kMs5EfPkpkINSidiLYMaR0MTo3DfFGF9WIezMsFQQ==
  dependencies:
    jquery ">=1.2.6"

jquery-validation-unobtrusive@^4.0.0:
  version "4.0.0"
  resolved "https://registry.yarnpkg.com/jquery-validation-unobtrusive/-/jquery-validation-unobtrusive-4.0.0.tgz#dfcf25a558496a2c883db6021d10f5398d15f99d"
  integrity sha512-1ervYFFv6LX/rp7ktuLnMakHNG0piNRDyROI8Ir3hL1vPIwylAehB1AY3BPrYJnzW3WmwWryZq+Bz4sazZK9iQ==
  dependencies:
    jquery "^3.6.0"
    jquery-validation ">=1.19"

jquery-validation@>=1.19, jquery-validation@^1.21.0:
  version "1.21.0"
  resolved "https://registry.yarnpkg.com/jquery-validation/-/jquery-validation-1.21.0.tgz#78fc05ab76020912a246af3661b3f54a438bca93"
  integrity sha512-xNot0rlUIgu7duMcQ5qb6MGkGL/Z1PQaRJQoZAURW9+a/2PGOUxY36o/WyNeP2T9R6jvWB8Z9lUVvvQWI/Zs5w==

jquery@>=1.10, jquery@>=1.2.6, "jquery@>=1.5.0 <4.0", jquery@>=1.7, jquery@>=1.7.2, "jquery@>=3.4.0 <4.0.0", jquery@^3.6.0, jquery@~3.7.1:
  version "3.7.1"
  resolved "https://registry.yarnpkg.com/jquery/-/jquery-3.7.1.tgz#083ef98927c9a6a74d05a6af02806566d16274de"
  integrity sha512-m4avr8yL8kmFN8psrbFFFmB/If14iN5o9nw/NgnnM+kybDJpRsAynV2BsfpTYrTRysYUdADVD7CkUUizgkpLfg==

js-base64@^3.7.2:
  version "3.7.7"
  resolved "https://registry.yarnpkg.com/js-base64/-/js-base64-3.7.7.tgz#e51b84bf78fbf5702b9541e2cb7bfcb893b43e79"
  integrity sha512-7rCnleh0z2CkXhH67J8K1Ytz0b2Y+yxTPL+/KOJoa20hfnVQ/3/T6W/KflYI4bRHRagNeXeU2bkNGI3v1oS/lw==

just-compare@^2.3.0:
  version "2.3.0"
  resolved "https://registry.yarnpkg.com/just-compare/-/just-compare-2.3.0.tgz#a2adcc1d1940536263275f5a1ef1298bcacfeda7"
  integrity sha512-6shoR7HDT+fzfL3gBahx1jZG3hWLrhPAf+l7nCwahDdT9XDtosB9kIF0ZrzUp5QY8dJWfQVr5rnsPqsbvflDzg==

lodash._baseiteratee@~4.7.0:
  version "4.7.0"
  resolved "https://registry.yarnpkg.com/lodash._baseiteratee/-/lodash._baseiteratee-4.7.0.tgz#34a9b5543572727c3db2e78edae3c0e9e66bd102"
  integrity sha512-nqB9M+wITz0BX/Q2xg6fQ8mLkyfF7MU7eE+MNBNjTHFKeKaZAPEzEg+E8LWxKWf1DQVflNEn9N49yAuqKh2mWQ==
  dependencies:
    lodash._stringtopath "~4.8.0"

lodash._basetostring@~4.12.0:
  version "4.12.0"
  resolved "https://registry.yarnpkg.com/lodash._basetostring/-/lodash._basetostring-4.12.0.tgz#9327c9dc5158866b7fa4b9d42f4638e5766dd9df"
  integrity sha512-SwcRIbyxnN6CFEEK4K1y+zuApvWdpQdBHM/swxP962s8HIxPO3alBH5t3m/dl+f4CMUug6sJb7Pww8d13/9WSw==

lodash._baseuniq@~4.6.0:
  version "4.6.0"
  resolved "https://registry.yarnpkg.com/lodash._baseuniq/-/lodash._baseuniq-4.6.0.tgz#0ebb44e456814af7905c6212fa2c9b2d51b841e8"
  integrity sha512-Ja1YevpHZctlI5beLA7oc5KNDhGcPixFhcqSiORHNsp/1QTv7amAXzw+gu4YOvErqVlMVyIJGgtzeepCnnur0A==
  dependencies:
    lodash._createset "~4.0.0"
    lodash._root "~3.0.0"

lodash._createset@~4.0.0:
  version "4.0.3"
  resolved "https://registry.yarnpkg.com/lodash._createset/-/lodash._createset-4.0.3.tgz#0f4659fbb09d75194fa9e2b88a6644d363c9fe26"
  integrity sha512-GTkC6YMprrJZCYU3zcqZj+jkXkrXzq3IPBcF/fIPpNEAB4hZEtXU8zp/RwKOvZl43NUmwDbyRk3+ZTbeRdEBXA==

lodash._root@~3.0.0:
  version "3.0.1"
  resolved "https://registry.yarnpkg.com/lodash._root/-/lodash._root-3.0.1.tgz#fba1c4524c19ee9a5f8136b4609f017cf4ded692"
  integrity sha512-O0pWuFSK6x4EXhM1dhZ8gchNtG7JMqBtrHdoUFUWXD7dJnNSUze1GuyQr5sOs0aCvgGeI3o/OJW8f4ca7FDxmQ==

lodash._stringtopath@~4.8.0:
  version "4.8.0"
  resolved "https://registry.yarnpkg.com/lodash._stringtopath/-/lodash._stringtopath-4.8.0.tgz#941bcf0e64266e5fc1d66fed0a6959544c576824"
  integrity sha512-SXL66C731p0xPDC5LZg4wI5H+dJo/EO4KTqOMwLYCH3+FmmfAKJEZCm6ohGpI+T1xwsDsJCfL4OnhorllvlTPQ==
  dependencies:
    lodash._basetostring "~4.12.0"

lodash.throttle@^4.1.1:
  version "4.1.1"
  resolved "https://registry.yarnpkg.com/lodash.throttle/-/lodash.throttle-4.1.1.tgz#c23e91b710242ac70c37f1e1cda9274cc39bf2f4"
  integrity sha512-wIkUCfVKpVsWo3JSZlc+8MB5it+2AN5W8J7YVMST30UrvcQNZ1Okbj+rbVniijTWE6FGYy4XJq/rHkas8qJMLQ==

lodash.uniqby@4.5.0:
  version "4.5.0"
  resolved "https://registry.yarnpkg.com/lodash.uniqby/-/lodash.uniqby-4.5.0.tgz#a3a17bbf62eeb6240f491846e97c1c4e2a5e1e21"
  integrity sha512-IRt7cfTtHy6f1aRVA5n7kT8rgN3N1nH6MOWLcHfpWG2SH19E3JksLK38MktLxZDhlAjCP9jpIXkOnRXlu6oByQ==
  dependencies:
    lodash._baseiteratee "~4.7.0"
    lodash._baseuniq "~4.6.0"

lodash@^4.17.21:
  version "4.17.21"
  resolved "https://registry.yarnpkg.com/lodash/-/lodash-4.17.21.tgz#679591c564c3bffaae8454cf0b3df370c3d6911c"
  integrity sha512-v2kDEe57lecTulaDIuNTPy3Ry4gLGJ6Z1O3vE1krgXZNrsQ+LFTGHVxVjcXPs17LhbZVGedAJv8XZ1tvj5FvSg==

luxon@^3.5.0:
  version "3.7.1"
  resolved "https://registry.yarnpkg.com/luxon/-/luxon-3.7.1.tgz#9bd09aa84a56afb00c57ea78a8ec5bd16eb24ec0"
  integrity sha512-RkRWjA926cTvz5rAb1BqyWkKbbjzCGchDUIKMCUvNi17j6f6j8uHGDV82Aqcqtzd+icoYpELmG3ksgGiFNNcNg==

malihu-custom-scrollbar-plugin@^3.1.5:
  version "3.1.5"
  resolved "https://registry.yarnpkg.com/malihu-custom-scrollbar-plugin/-/malihu-custom-scrollbar-plugin-3.1.5.tgz#310cecc5e59415a1c29e9dfb5d2b6e01d66a29ef"
  integrity sha512-lwW3LgI+CNDMPnP4ED2la6oYxWMkCXlnhex+s2wuOLhFDFGnGmQuTQVdRK9bvDLpxs10sGlfErVufJy9ztfgJQ==
  dependencies:
    jquery-mousewheel ">=3.0.6"

mime-match@^1.0.2:
  version "1.0.2"
  resolved "https://registry.yarnpkg.com/mime-match/-/mime-match-1.0.2.tgz#3f87c31e9af1a5fd485fb9db134428b23bbb7ba8"
  integrity sha512-VXp/ugGDVh3eCLOBCiHZMYWQaTNUHv2IJrut+yXA6+JbLPXHglHwfS/5A5L0ll+jkCY7fIzRJcH6OIunF+c6Cg==
  dependencies:
    wildcard "^1.1.0"

moment@^2.30.1, moment@^2.9.0:
  version "2.30.1"
  resolved "https://registry.yarnpkg.com/moment/-/moment-2.30.1.tgz#f8c91c07b7a786e30c59926df530b4eac96974ae"
  integrity sha512-uEmtNhbDOrWPFS+hdjFCBfy9f2YoyzRpwcl+DqpC6taX21FzsTLQVbMV/W7PzNSX6x/bhC1zA3c2UQ5NzH6how==

namespace-emitter@^2.0.1:
  version "2.0.1"
  resolved "https://registry.yarnpkg.com/namespace-emitter/-/namespace-emitter-2.0.1.tgz#978d51361c61313b4e6b8cf6f3853d08dfa2b17c"
  integrity sha512-N/sMKHniSDJBjfrkbS/tpkPj4RAbvW3mr8UAzvlMHyun93XEm83IAvhWtJVHo+RHn/oO8Job5YN4b+wRjSVp5g==

nanoid@^5.0.9:
  version "5.1.5"
  resolved "https://registry.yarnpkg.com/nanoid/-/nanoid-5.1.5.tgz#f7597f9d9054eb4da9548cdd53ca70f1790e87de"
  integrity sha512-Ir/+ZpE9fDsNH0hQ3C68uyThDXzYcim2EqcZ8zn8Chtt1iylPT9xXJB0kPCnqzgcEGikO9RxSrh63MsmVCU7Fw==

p-queue@^8.0.0:
  version "8.1.0"
  resolved "https://registry.yarnpkg.com/p-queue/-/p-queue-8.1.0.tgz#d71929249868b10b16f885d8a82beeaf35d32279"
  integrity sha512-mxLDbbGIBEXTJL0zEx8JIylaj3xQ7Z/7eEVjcF9fJX4DBiH9oqe+oahYnlKKxm0Ci9TlWTyhSHgygxMxjIB2jw==
  dependencies:
    eventemitter3 "^5.0.1"
    p-timeout "^6.1.2"

p-retry@^6.1.0:
  version "6.2.1"
  resolved "https://registry.yarnpkg.com/p-retry/-/p-retry-6.2.1.tgz#81828f8dc61c6ef5a800585491572cc9892703af"
  integrity sha512-hEt02O4hUct5wtwg4H4KcWgDdm+l1bOaEy/hWzd8xtXB9BqxTWBBhb+2ImAtH4Cv4rPjV76xN3Zumqk3k3AhhQ==
  dependencies:
    "@types/retry" "0.12.2"
    is-network-error "^1.0.0"
    retry "^0.13.1"

p-timeout@^6.1.2:
  version "6.1.4"
  resolved "https://registry.yarnpkg.com/p-timeout/-/p-timeout-6.1.4.tgz#418e1f4dd833fa96a2e3f532547dd2abdb08dbc2"
  integrity sha512-MyIV3ZA/PmyBN/ud8vV9XzwTrNtR4jFrObymZYnZqMmW0zA8Z17vnT0rBgFE/TlohB+YCHqXMgZzb3Csp49vqg==

preact@^10.5.13:
  version "10.27.0"
  resolved "https://registry.yarnpkg.com/preact/-/preact-10.27.0.tgz#7e614fb651cc1f49275bfb7682e811d759a5364f"
  integrity sha512-/DTYoB6mwwgPytiqQTh/7SFRL98ZdiD8Sk8zIUVOxtwq4oWcwrcd1uno9fE/zZmUaUrFNYzbH14CPebOz9tZQw==

promise-queue@^2.2.5:
  version "2.2.5"
  resolved "https://registry.yarnpkg.com/promise-queue/-/promise-queue-2.2.5.tgz#2f6f5f7c0f6d08109e967659c79b88a9ed5e93b4"
  integrity sha512-p/iXrPSVfnqPft24ZdNNLECw/UrtLTpT3jpAAMzl/o5/rDsGCPo3/CQS2611flL6LkoEJ3oQZw7C8Q80ZISXRQ==

proper-lockfile@^4.1.2:
  version "4.1.2"
  resolved "https://registry.yarnpkg.com/proper-lockfile/-/proper-lockfile-4.1.2.tgz#c8b9de2af6b2f1601067f98e01ac66baa223141f"
  integrity sha512-TjNPblN4BwAWMXU8s9AEz4JmQxnD1NNL7bNOY/AKUzyamc379FWASUhc/K1pL2noVb+XmZKLL68cjzLsiOAMaA==
  dependencies:
    graceful-fs "^4.2.4"
    retry "^0.12.0"
    signal-exit "^3.0.2"

querystringify@^2.1.1:
  version "2.2.0"
  resolved "https://registry.yarnpkg.com/querystringify/-/querystringify-2.2.0.tgz#3345941b4153cb9d082d8eee4cda2016a9aef7f6"
  integrity sha512-FIqgj2EUvTa7R50u0rGsyTftzjYmv/a3hO345bZNrqabNqjtgiDMgmo4mkUjd+nzU5oF3dClKqFIPUKybUyqoQ==

requires-port@^1.0.0:
  version "1.0.0"
  resolved "https://registry.yarnpkg.com/requires-port/-/requires-port-1.0.0.tgz#925d2601d39ac485e091cf0da5c6e694dc3dcaff"
  integrity sha512-KigOCHcocU3XODJxsu8i/j8T9tzT4adHiecwORRQ0ZZFcp7ahwXuRU1m+yuO90C5ZUyGeGfocHDI14M3L3yDAQ==

retry@^0.12.0:
  version "0.12.0"
  resolved "https://registry.yarnpkg.com/retry/-/retry-0.12.0.tgz#1b42a6266a21f07421d1b0b54b7dc167b01c013b"
  integrity sha512-9LkiTwjUh6rT555DtE9rTX+BKByPfrMzEAtnlEtdEwr3Nkffwiihqe2bWADg+OQRjt9gl6ICdmB/ZFDCGAtSow==

retry@^0.13.1:
  version "0.13.1"
  resolved "https://registry.yarnpkg.com/retry/-/retry-0.13.1.tgz#185b1587acf67919d63b357349e03537b2484658"
  integrity sha512-XQBQ3I8W1Cge0Seh+6gjj03LbmRFWuoszgK9ooCpwYIrhhoO80pfq4cUkU5DkknwfOfFteRwlZ56PYOGYyFWdg==

select2@^4.0.13:
  version "4.0.13"
  resolved "https://registry.yarnpkg.com/select2/-/select2-4.0.13.tgz#0dbe377df3f96167c4c1626033e924372d8ef44d"
  integrity sha512-1JeB87s6oN/TDxQQYCvS5EFoQyvV6eYMZZ0AeA4tdFDYWN3BAGZ8npr17UBFddU0lgAt3H0yjX3X6/ekOj1yjw==

shallow-equal@^3.0.0:
  version "3.1.0"
  resolved "https://registry.yarnpkg.com/shallow-equal/-/shallow-equal-3.1.0.tgz#e7a54bac629c7f248eff6c2f5b63122ba4320bec"
  integrity sha512-pfVOw8QZIXpMbhBWvzBISicvToTiM5WBF1EeAUZDDSb5Dt29yl4AYbyywbJFSEsRUMr7gJaxqCdr4L3tQf9wVg==

signal-exit@^3.0.2:
  version "3.0.7"
  resolved "https://registry.yarnpkg.com/signal-exit/-/signal-exit-3.0.7.tgz#a9a1767f8af84155114eaabd73f99273c8f59ad9"
  integrity sha512-wnD2ZE+l+SPC/uoS0vXeE9L1+0wuaMqKlfz9AMUo38JsyLSBWSFcHR1Rri62LZc12vLr1gb3jl7iwQhgwpAbGQ==

sweetalert2@^11.14.1:
  version "11.22.2"
  resolved "https://registry.yarnpkg.com/sweetalert2/-/sweetalert2-11.22.2.tgz#d4d82a2edd4e97024306fe37f1bc64fa576e9bc9"
  integrity sha512-GFQGzw8ZXF23PO79WMAYXLl4zYmLiaKqYJwcp5eBF07wiI5BYPbZtKi2pcvVmfUQK+FqL1risJAMxugcPbGIyg==

timeago@^1.6.7:
  version "1.6.7"
  resolved "https://registry.yarnpkg.com/timeago/-/timeago-1.6.7.tgz#afd467c29a911e697fc22a81888c7c3022783cb5"
  integrity sha512-FikcjN98+ij0siKH4VO4dZ358PR3oDDq4Vdl1+sN9gWz1/+JXGr3uZbUShYH/hL7bMhcTpPbplJU5Tej4b4jbQ==
  dependencies:
    jquery ">=1.5.0 <4.0"

tus-js-client@^4.2.3:
  version "4.3.1"
  resolved "https://registry.yarnpkg.com/tus-js-client/-/tus-js-client-4.3.1.tgz#2f9a47fba006206fb0d08c649fa01254944d5d87"
  integrity sha512-ZLeYmjrkaU1fUsKbIi8JML52uAocjEZtBx4DKjRrqzrZa0O4MYwT6db+oqePlspV+FxXJAyFBc/L5gwUi2OFsg==
  dependencies:
    buffer-from "^1.1.2"
    combine-errors "^3.0.3"
    is-stream "^2.0.0"
    js-base64 "^3.7.2"
    lodash.throttle "^4.1.1"
    proper-lockfile "^4.1.2"
    url-parse "^1.5.7"

uppy@^4.4.1:
  version "4.18.0"
  resolved "https://registry.yarnpkg.com/uppy/-/uppy-4.18.0.tgz#47af2fdf4e56c2c5d72dbeb3ebd47341f8d1ecc5"
  integrity sha512-sDTdNOj+i6P9wDU+x06z0l8iBihKcrAo5Jos3Y24RMwqqRk3k8NdPH2sYunm6kR8QywBDtPu2ty91WdnnDwJKg==
  dependencies:
    "@uppy/audio" "^2.1.3"
    "@uppy/aws-s3" "^4.2.3"
    "@uppy/box" "^3.2.3"
    "@uppy/companion-client" "^4.4.2"
    "@uppy/compressor" "^2.2.1"
    "@uppy/core" "^4.4.7"
    "@uppy/dashboard" "^4.3.4"
    "@uppy/drag-drop" "^4.1.3"
    "@uppy/drop-target" "^3.1.1"
    "@uppy/dropbox" "^4.2.3"
    "@uppy/facebook" "^4.2.3"
    "@uppy/file-input" "^4.1.3"
    "@uppy/form" "^4.1.1"
    "@uppy/golden-retriever" "^4.1.1"
    "@uppy/google-drive" "^4.3.3"
    "@uppy/google-drive-picker" "^0.3.6"
    "@uppy/google-photos-picker" "^0.3.6"
    "@uppy/image-editor" "^3.3.3"
    "@uppy/informer" "^4.2.1"
    "@uppy/instagram" "^4.2.3"
    "@uppy/onedrive" "^4.2.4"
    "@uppy/progress-bar" "^4.2.1"
    "@uppy/provider-views" "^4.4.5"
    "@uppy/redux-dev-tools" "^4.0.1"
    "@uppy/remote-sources" "^2.3.4"
    "@uppy/screen-capture" "^4.3.1"
    "@uppy/status-bar" "^4.1.3"
    "@uppy/store-default" "^4.2.0"
    "@uppy/store-redux" "^4.0.2"
    "@uppy/thumbnail-generator" "^4.1.1"
    "@uppy/transloadit" "^4.2.2"
    "@uppy/tus" "^4.2.2"
    "@uppy/unsplash" "^4.3.4"
    "@uppy/url" "^4.2.4"
    "@uppy/webcam" "^4.2.1"
    "@uppy/webdav" "^0.3.3"
    "@uppy/xhr-upload" "^4.3.3"
    "@uppy/zoom" "^3.2.3"

url-parse@^1.5.7:
  version "1.5.10"
  resolved "https://registry.yarnpkg.com/url-parse/-/url-parse-1.5.10.tgz#9d3c2f736c1d75dd3bd2be507dcc111f1e2ea9c1"
  integrity sha512-WypcfiRhfeUP9vvF0j6rw0J3hrWrw6iZv3+22h6iRMJ/8z1Tj6XfLP4DsUix5MhMPnXpiHDoKyoZ/bdCkwBCiQ==
  dependencies:
    querystringify "^2.1.1"
    requires-port "^1.0.0"

wildcard@^1.1.0:
  version "1.1.2"
  resolved "https://registry.yarnpkg.com/wildcard/-/wildcard-1.1.2.tgz#a7020453084d8cd2efe70ba9d3696263de1710a5"
  integrity sha512-DXukZJxpHA8LuotRwL0pP1+rS6CS7FF2qStDDE1C7DDg2rLud2PXRMuEDYIPhgEezwnlHNL4c+N6MfMTjCGTng==

zxcvbn@^4.4.2:
  version "4.4.2"
  resolved "https://registry.yarnpkg.com/zxcvbn/-/zxcvbn-4.4.2.tgz#28ec17cf09743edcab056ddd8b1b06262cc73c30"
  integrity sha512-Bq0B+ixT/DMyG8kgX2xWcI5jUvCwqrMxSFam7m0lAf78nf04hv6lNCsyLYdyYTrCVMqNDY/206K7eExYCeSyUQ==
